// !$*UTF8*$!
{
	archiveVersion = 1;
	classes = {
	};
	objectVersion = 50;
	objects = {

/* Begin PBXBuildFile section */
		313CDB5C25DA84B2008A806A /* RandomizerViewCell.swift in Sources */ = {isa = PBXBuildFile; fileRef = 313CDB5B25DA84B2008A806A /* RandomizerViewCell.swift */; };
		313CDB6025DA88FA008A806A /* RandomizerViewController.swift in Sources */ = {isa = PBXBuildFile; fileRef = 313CDB5F25DA88FA008A806A /* RandomizerViewController.swift */; };
		313CDB6525DAA2BF008A806A /* BookmarkViewController.swift in Sources */ = {isa = PBXBuildFile; fileRef = 313CDB6425DAA2BF008A806A /* BookmarkViewController.swift */; };
		313CDB7425DAB563008A806A /* MMS_UAS.xcdatamodeld in Sources */ = {isa = PBXBuildFile; fileRef = 313CDB7225DAB563008A806A /* MMS_UAS.xcdatamodeld */; };
		3174617225DBB59400AA98B4 /* Result.swift in Sources */ = {isa = PBXBuildFile; fileRef = 3174617125DBB59400AA98B4 /* Result.swift */; };
		3174617525DBB61900AA98B4 /* Extensions.swift in Sources */ = {isa = PBXBuildFile; fileRef = 3174617425DBB61900AA98B4 /* Extensions.swift */; };
		3174617925DBFACD00AA98B4 /* BookmarkTableViewCell.swift in Sources */ = {isa = PBXBuildFile; fileRef = 3174617825DBFACD00AA98B4 /* BookmarkTableViewCell.swift */; };
		31BE4E9325D8FC3200446E38 /* AppDelegate.swift in Sources */ = {isa = PBXBuildFile; fileRef = 31BE4E9225D8FC3200446E38 /* AppDelegate.swift */; };
		31BE4E9525D8FC3200446E38 /* SceneDelegate.swift in Sources */ = {isa = PBXBuildFile; fileRef = 31BE4E9425D8FC3200446E38 /* SceneDelegate.swift */; };
		31BE4E9725D8FC3200446E38 /* ViewController.swift in Sources */ = {isa = PBXBuildFile; fileRef = 31BE4E9625D8FC3200446E38 /* ViewController.swift */; };
		31BE4E9A25D8FC3200446E38 /* Main.storyboard in Resources */ = {isa = PBXBuildFile; fileRef = 31BE4E9825D8FC3200446E38 /* Main.storyboard */; };
		31BE4E9F25D8FC3300446E38 /* Assets.xcassets in Resources */ = {isa = PBXBuildFile; fileRef = 31BE4E9E25D8FC3300446E38 /* Assets.xcassets */; };
		31BE4EA225D8FC3300446E38 /* LaunchScreen.storyboard in Resources */ = {isa = PBXBuildFile; fileRef = 31BE4EA025D8FC3300446E38 /* LaunchScreen.storyboard */; };
		31BE4EB225D90B8100446E38 /* TableCell.swift in Sources */ = {isa = PBXBuildFile; fileRef = 31BE4EB125D90B8100446E38 /* TableCell.swift */; };
		31BE4EB625D941CC00446E38 /* MainResult.swift in Sources */ = {isa = PBXBuildFile; fileRef = 31BE4EB525D941CC00446E38 /* MainResult.swift */; };
/* End PBXBuildFile section */

/* Begin PBXFileReference section */
		313CDB5B25DA84B2008A806A /* RandomizerViewCell.swift */ = {isa = PBXFileReference; lastKnownFileType = sourcecode.swift; path = RandomizerViewCell.swift; sourceTree = "<group>"; };
		313CDB5F25DA88FA008A806A /* RandomizerViewController.swift */ = {isa = PBXFileReference; lastKnownFileType = sourcecode.swift; path = RandomizerViewController.swift; sourceTree = "<group>"; };
		313CDB6425DAA2BF008A806A /* BookmarkViewController.swift */ = {isa = PBXFileReference; lastKnownFileType = sourcecode.swift; path = BookmarkViewController.swift; sourceTree = "<group>"; };
		313CDB7325DAB563008A806A /* MMS_UAS.xcdatamodel */ = {isa = PBXFileReference; lastKnownFileType = wrapper.xcdatamodel; path = MMS_UAS.xcdatamodel; sourceTree = "<group>"; };
		3174617125DBB59400AA98B4 /* Result.swift */ = {isa = PBXFileReference; lastKnownFileType = sourcecode.swift; path = Result.swift; sourceTree = "<group>"; };
		3174617425DBB61900AA98B4 /* Extensions.swift */ = {isa = PBXFileReference; lastKnownFileType = sourcecode.swift; path = Extensions.swift; sourceTree = "<group>"; };
		3174617825DBFACD00AA98B4 /* BookmarkTableViewCell.swift */ = {isa = PBXFileReference; lastKnownFileType = sourcecode.swift; path = BookmarkTableViewCell.swift; sourceTree = "<group>"; };
		31BE4E8F25D8FC3200446E38 /* MMS_UAS.app */ = {isa = PBXFileReference; explicitFileType = wrapper.application; includeInIndex = 0; path = MMS_UAS.app; sourceTree = BUILT_PRODUCTS_DIR; };
		31BE4E9225D8FC3200446E38 /* AppDelegate.swift */ = {isa = PBXFileReference; lastKnownFileType = sourcecode.swift; path = AppDelegate.swift; sourceTree = "<group>"; };
		31BE4E9425D8FC3200446E38 /* SceneDelegate.swift */ = {isa = PBXFileReference; lastKnownFileType = sourcecode.swift; path = SceneDelegate.swift; sourceTree = "<group>"; };
		31BE4E9625D8FC3200446E38 /* ViewController.swift */ = {isa = PBXFileReference; lastKnownFileType = sourcecode.swift; path = ViewController.swift; sourceTree = "<group>"; };
		31BE4E9925D8FC3200446E38 /* Base */ = {isa = PBXFileReference; lastKnownFileType = file.storyboard; name = Base; path = Base.lproj/Main.storyboard; sourceTree = "<group>"; };
		31BE4E9E25D8FC3300446E38 /* Assets.xcassets */ = {isa = PBXFileReference; lastKnownFileType = folder.assetcatalog; path = Assets.xcassets; sourceTree = "<group>"; };
		31BE4EA125D8FC3300446E38 /* Base */ = {isa = PBXFileReference; lastKnownFileType = file.storyboard; name = Base; path = Base.lproj/LaunchScreen.storyboard; sourceTree = "<group>"; };
		31BE4EA325D8FC3300446E38 /* Info.plist */ = {isa = PBXFileReference; lastKnownFileType = text.plist.xml; path = Info.plist; sourceTree = "<group>"; };
		31BE4EB125D90B8100446E38 /* TableCell.swift */ = {isa = PBXFileReference; lastKnownFileType = sourcecode.swift; path = TableCell.swift; sourceTree = "<group>"; };
		31BE4EB525D941CC00446E38 /* MainResult.swift */ = {isa = PBXFileReference; lastKnownFileType = sourcecode.swift; path = MainResult.swift; sourceTree = "<group>"; };
/* End PBXFileReference section */

/* Begin PBXFrameworksBuildPhase section */
		31BE4E8C25D8FC3200446E38 /* Frameworks */ = {
			isa = PBXFrameworksBuildPhase;
			buildActionMask = 2147483647;
			files = (
			);
			runOnlyForDeploymentPostprocessing = 0;
		};
/* End PBXFrameworksBuildPhase section */

/* Begin PBXGroup section */
		313CDB5725DA83C3008A806A /* Dictionary */ = {
			isa = PBXGroup;
			children = (
				31BE4E9625D8FC3200446E38 /* ViewController.swift */,
				31BE4EB125D90B8100446E38 /* TableCell.swift */,
			);
			path = Dictionary;
			sourceTree = "<group>";
		};
		313CDB5825DA83F4008A806A /* Randomizer */ = {
			isa = PBXGroup;
			children = (
				313CDB5F25DA88FA008A806A /* RandomizerViewController.swift */,
				313CDB5B25DA84B2008A806A /* RandomizerViewCell.swift */,
			);
			path = Randomizer;
			sourceTree = "<group>";
		};
		313CDB5925DA83FA008A806A /* Bookmark */ = {
			isa = PBXGroup;
			children = (
				313CDB6425DAA2BF008A806A /* BookmarkViewController.swift */,
				3174617825DBFACD00AA98B4 /* BookmarkTableViewCell.swift */,
			);
			path = Bookmark;
			sourceTree = "<group>";
		};
		31BE4E8625D8FC3200446E38 = {
			isa = PBXGroup;
			children = (
				31BE4E9125D8FC3200446E38 /* MMS_UAS */,
				31BE4E9025D8FC3200446E38 /* Products */,
			);
			sourceTree = "<group>";
		};
		31BE4E9025D8FC3200446E38 /* Products */ = {
			isa = PBXGroup;
			children = (
				31BE4E8F25D8FC3200446E38 /* MMS_UAS.app */,
			);
			name = Products;
			sourceTree = "<group>";
		};
		31BE4E9125D8FC3200446E38 /* MMS_UAS */ = {
			isa = PBXGroup;
			children = (
				31BE4EB525D941CC00446E38 /* MainResult.swift */,
				3174617125DBB59400AA98B4 /* Result.swift */,
				3174617425DBB61900AA98B4 /* Extensions.swift */,
				313CDB5725DA83C3008A806A /* Dictionary */,
				313CDB5825DA83F4008A806A /* Randomizer */,
				313CDB5925DA83FA008A806A /* Bookmark */,
				31BE4E9225D8FC3200446E38 /* AppDelegate.swift */,
				31BE4E9425D8FC3200446E38 /* SceneDelegate.swift */,
				31BE4E9825D8FC3200446E38 /* Main.storyboard */,
				31BE4E9E25D8FC3300446E38 /* Assets.xcassets */,
				313CDB7225DAB563008A806A /* MMS_UAS.xcdatamodeld */,
				31BE4EA025D8FC3300446E38 /* LaunchScreen.storyboard */,
				31BE4EA325D8FC3300446E38 /* Info.plist */,
			);
			path = MMS_UAS;
			sourceTree = "<group>";
		};
/* End PBXGroup section */

/* Begin PBXNativeTarget section */
		31BE4E8E25D8FC3200446E38 /* MMS_UAS */ = {
			isa = PBXNativeTarget;
			buildConfigurationList = 31BE4EA625D8FC3300446E38 /* Build configuration list for PBXNativeTarget "MMS_UAS" */;
			buildPhases = (
				31BE4E8B25D8FC3200446E38 /* Sources */,
				31BE4E8C25D8FC3200446E38 /* Frameworks */,
				31BE4E8D25D8FC3200446E38 /* Resources */,
			);
			buildRules = (
			);
			dependencies = (
			);
			name = MMS_UAS;
			productName = MMS_UAS;
			productReference = 31BE4E8F25D8FC3200446E38 /* MMS_UAS.app */;
			productType = "com.apple.product-type.application";
		};
/* End PBXNativeTarget section */

/* Begin PBXProject section */
		31BE4E8725D8FC3200446E38 /* Project object */ = {
			isa = PBXProject;
			attributes = {
				LastSwiftUpdateCheck = 1240;
				LastUpgradeCheck = 1240;
				TargetAttributes = {
					31BE4E8E25D8FC3200446E38 = {
						CreatedOnToolsVersion = 12.4;
					};
				};
			};
			buildConfigurationList = 31BE4E8A25D8FC3200446E38 /* Build configuration list for PBXProject "MMS_UAS" */;
			compatibilityVersion = "Xcode 9.3";
			developmentRegion = en;
			hasScannedForEncodings = 0;
			knownRegions = (
				en,
				Base,
			);
			mainGroup = 31BE4E8625D8FC3200446E38;
			productRefGroup = 31BE4E9025D8FC3200446E38 /* Products */;
			projectDirPath = "";
			projectRoot = "";
			targets = (
				31BE4E8E25D8FC3200446E38 /* MMS_UAS */,
			);
		};
/* End PBXProject section */

/* Begin PBXResourcesBuildPhase section */
		31BE4E8D25D8FC3200446E38 /* Resources */ = {
			isa = PBXResourcesBuildPhase;
			buildActionMask = 2147483647;
			files = (
				31BE4EA225D8FC3300446E38 /* LaunchScreen.storyboard in Resources */,
				31BE4E9F25D8FC3300446E38 /* Assets.xcassets in Resources */,
				31BE4E9A25D8FC3200446E38 /* Main.storyboard in Resources */,
			);
			runOnlyForDeploymentPostprocessing = 0;
		};
/* End PBXResourcesBuildPhase section */

/* Begin PBXSourcesBuildPhase section */
		31BE4E8B25D8FC3200446E38 /* Sources */ = {
			isa = PBXSourcesBuildPhase;
			buildActionMask = 2147483647;
			files = (
				31BE4EB225D90B8100446E38 /* TableCell.swift in Sources */,
				31BE4E9725D8FC3200446E38 /* ViewController.swift in Sources */,
				31BE4EB625D941CC00446E38 /* MainResult.swift in Sources */,
				31BE4E9325D8FC3200446E38 /* AppDelegate.swift in Sources */,
				313CDB6025DA88FA008A806A /* RandomizerViewController.swift in Sources */,
				313CDB5C25DA84B2008A806A /* RandomizerViewCell.swift in Sources */,
				3174617225DBB59400AA98B4 /* Result.swift in Sources */,
				313CDB6525DAA2BF008A806A /* BookmarkViewController.swift in Sources */,
				31BE4E9525D8FC3200446E38 /* SceneDelegate.swift in Sources */,
				3174617525DBB61900AA98B4 /* Extensions.swift in Sources */,
				313CDB7425DAB563008A806A /* MMS_UAS.xcdatamodeld in Sources */,
				3174617925DBFACD00AA98B4 /* BookmarkTableViewCell.swift in Sources */,
			);
			runOnlyForDeploymentPostprocessing = 0;
		};
/* End PBXSourcesBuildPhase section */

/* Begin PBXVariantGroup section */
		31BE4E9825D8FC3200446E38 /* Main.storyboard */ = {
			isa = PBXVariantGroup;
			children = (
				31BE4E9925D8FC3200446E38 /* Base */,
			);
			name = Main.storyboard;
			sourceTree = "<group>";
		};
		31BE4EA025D8FC3300446E38 /* LaunchScreen.storyboard */ = {
			isa = PBXVariantGroup;
			children = (
				31BE4EA125D8FC3300446E38 /* Base */,
			);
			name = LaunchScreen.storyboard;
			sourceTree = "<group>";
		};
/* End PBXVariantGroup section */

/* Begin XCBuildConfiguration section */
		31BE4EA425D8FC3300446E38 /* Debug */ = {
			isa = XCBuildConfiguration;
			buildSettings = {
				ALWAYS_SEARCH_USER_PATHS = NO;
				CLANG_ANALYZER_NONNULL = YES;
				CLANG_ANALYZER_NUMBER_OBJECT_CONVERSION = YES_AGGRESSIVE;
				CLANG_CXX_LANGUAGE_STANDARD = "gnu++14";
				CLANG_CXX_LIBRARY = "libc++";
				CLANG_ENABLE_MODULES = YES;
				CLANG_ENABLE_OBJC_ARC = YES;
				CLANG_ENABLE_OBJC_WEAK = YES;
				CLANG_WARN_BLOCK_CAPTURE_AUTORELEASING = YES;
				CLANG_WARN_BOOL_CONVERSION = YES;
				CLANG_WARN_COMMA = YES;
				CLANG_WARN_CONSTANT_CONVERSION = YES;
				CLANG_WARN_DEPRECATED_OBJC_IMPLEMENTATIONS = YES;
				CLANG_WARN_DIRECT_OBJC_ISA_USAGE = YES_ERROR;
				CLANG_WARN_DOCUMENTATION_COMMENTS = YES;
				CLANG_WARN_EMPTY_BODY = YES;
				CLANG_WARN_ENUM_CONVERSION = YES;
				CLANG_WARN_INFINITE_RECURSION = YES;
				CLANG_WARN_INT_CONVERSION = YES;
				CLANG_WARN_NON_LITERAL_NULL_CONVERSION = YES;
				CLANG_WARN_OBJC_IMPLICIT_RETAIN_SELF = YES;
				CLANG_WARN_OBJC_LITERAL_CONVERSION = YES;
				CLANG_WARN_OBJC_ROOT_CLASS = YES_ERROR;
				CLANG_WARN_QUOTED_INCLUDE_IN_FRAMEWORK_HEADER = YES;
				CLANG_WARN_RANGE_LOOP_ANALYSIS = YES;
				CLANG_WARN_STRICT_PROTOTYPES = YES;
				CLANG_WARN_SUSPICIOUS_MOVE = YES;
				CLANG_WARN_UNGUARDED_AVAILABILITY = YES_AGGRESSIVE;
				CLANG_WARN_UNREACHABLE_CODE = YES;
				CLANG_WARN__DUPLICATE_METHOD_MATCH = YES;
				COPY_PHASE_STRIP = NO;
				DEBUG_INFORMATION_FORMAT = dwarf;
				ENABLE_STRICT_OBJC_MSGSEND = YES;
				ENABLE_TESTABILITY = YES;
				GCC_C_LANGUAGE_STANDARD = gnu11;
				GCC_DYNAMIC_NO_PIC = NO;
				GCC_NO_COMMON_BLOCKS = YES;
				GCC_OPTIMIZATION_LEVEL = 0;
				GCC_PREPROCESSOR_DEFINITIONS = (
					"DEBUG=1",
					"$(inherited)",
				);
				GCC_WARN_64_TO_32_BIT_CONVERSION = YES;
				GCC_WARN_ABOUT_RETURN_TYPE = YES_ERROR;
				GCC_WARN_UNDECLARED_SELECTOR = YES;
				GCC_WARN_UNINITIALIZED_AUTOS = YES_AGGRESSIVE;
				GCC_WARN_UNUSED_FUNCTION = YES;
				GCC_WARN_UNUSED_VARIABLE = YES;
				IPHONEOS_DEPLOYMENT_TARGET = 14.4;
				MTL_ENABLE_DEBUG_INFO = INCLUDE_SOURCE;
				MTL_FAST_MATH = YES;
				ONLY_ACTIVE_ARCH = YES;
				SDKROOT = iphoneos;
				SWIFT_ACTIVE_COMPILATION_CONDITIONS = DEBUG;
				SWIFT_OPTIMIZATION_LEVEL = "-Onone";
			};
			name = Debug;
		};
		31BE4EA525D8FC3300446E38 /* Release */ = {
			isa = XCBuildConfiguration;
			buildSettings = {
				ALWAYS_SEARCH_USER_PATHS = NO;
				CLANG_ANALYZER_NONNULL = YES;
				CLANG_ANALYZER_NUMBER_OBJECT_CONVERSION = YES_AGGRESSIVE;
				CLANG_CXX_LANGUAGE_STANDARD = "gnu++14";
				CLANG_CXX_LIBRARY = "libc++";
				CLANG_ENABLE_MODULES = YES;
				CLANG_ENABLE_OBJC_ARC = YES;
				CLANG_ENABLE_OBJC_WEAK = YES;
				CLANG_WARN_BLOCK_CAPTURE_AUTORELEASING = YES;
				CLANG_WARN_BOOL_CONVERSION = YES;
				CLANG_WARN_COMMA = YES;
				CLANG_WARN_CONSTANT_CONVERSION = YES;
				CLANG_WARN_DEPRECATED_OBJC_IMPLEMENTATIONS = YES;
				CLANG_WARN_DIRECT_OBJC_ISA_USAGE = YES_ERROR;
				CLANG_WARN_DOCUMENTATION_COMMENTS = YES;
				CLANG_WARN_EMPTY_BODY = YES;
				CLANG_WARN_ENUM_CONVERSION = YES;
				CLANG_WARN_INFINITE_RECURSION = YES;
				CLANG_WARN_INT_CONVERSION = YES;
				CLANG_WARN_NON_LITERAL_NULL_CONVERSION = YES;
				CLANG_WARN_OBJC_IMPLICIT_RETAIN_SELF = YES;
				CLANG_WARN_OBJC_LITERAL_CONVERSION = YES;
				CLANG_WARN_OBJC_ROOT_CLASS = YES_ERROR;
				CLANG_WARN_QUOTED_INCLUDE_IN_FRAMEWORK_HEADER = YES;
				CLANG_WARN_RANGE_LOOP_ANALYSIS = YES;
				CLANG_WARN_STRICT_PROTOTYPES = YES;
				CLANG_WARN_SUSPICIOUS_MOVE = YES;
				CLANG_WARN_UNGUARDED_AVAILABILITY = YES_AGGRESSIVE;
				CLANG_WARN_UNREACHABLE_CODE = YES;
				CLANG_WARN__DUPLICATE_METHOD_MATCH = YES;
				COPY_PHASE_STRIP = NO;
				DEBUG_INFORMATION_FORMAT = "dwarf-with-dsym";
				ENABLE_NS_ASSERTIONS = NO;
				ENABLE_STRICT_OBJC_MSGSEND = YES;
				GCC_C_LANGUAGE_STANDARD = gnu11;
				GCC_NO_COMMON_BLOCKS = YES;
				GCC_WARN_64_TO_32_BIT_CONVERSION = YES;
				GCC_WARN_ABOUT_RETURN_TYPE = YES_ERROR;
				GCC_WARN_UNDECLARED_SELECTOR = YES;
				GCC_WARN_UNINITIALIZED_AUTOS = YES_AGGRESSIVE;
				GCC_WARN_UNUSED_FUNCTION = YES;
				GCC_WARN_UNUSED_VARIABLE = YES;
				IPHONEOS_DEPLOYMENT_TARGET = 14.4;
				MTL_ENABLE_DEBUG_INFO = NO;
				MTL_FAST_MATH = YES;
				SDKROOT = iphoneos;
				SWIFT_COMPILATION_MODE = wholemodule;
				SWIFT_OPTIMIZATION_LEVEL = "-O";
				VALIDATE_PRODUCT = YES;
			};
			name = Release;
		};
		31BE4EA725D8FC3300446E38 /* Debug */ = {
			isa = XCBuildConfiguration;
			buildSettings = {
				ASSETCATALOG_COMPILER_APPICON_NAME = AppIcon;
				ASSETCATALOG_COMPILER_GLOBAL_ACCENT_COLOR_NAME = AccentColor;
				CODE_SIGN_STYLE = Automatic;
				INFOPLIST_FILE = MMS_UAS/Info.plist;
				LD_RUNPATH_SEARCH_PATHS = (
					"$(inherited)",
					"@executable_path/Frameworks",
				);
				PRODUCT_BUNDLE_IDENTIFIER = "fandy.MMS-UAS";
				PRODUCT_NAME = "$(TARGET_NAME)";
				SWIFT_VERSION = 5.0;
				TARGETED_DEVICE_FAMILY = "1,2";
			};
			name = Debug;
		};
		31BE4EA825D8FC3300446E38 /* Release */ = {
			isa = XCBuildConfiguration;
			buildSettings = {
				ASSETCATALOG_COMPILER_APPICON_NAME = AppIcon;
				ASSETCATALOG_COMPILER_GLOBAL_ACCENT_COLOR_NAME = AccentColor;
				CODE_SIGN_STYLE = Automatic;
				INFOPLIST_FILE = MMS_UAS/Info.plist;
				LD_RUNPATH_SEARCH_PATHS = (
					"$(inherited)",
					"@executable_path/Frameworks",
				);
				PRODUCT_BUNDLE_IDENTIFIER = "fandy.MMS-UAS";
				PRODUCT_NAME = "$(TARGET_NAME)";
				SWIFT_VERSION = 5.0;
				TARGETED_DEVICE_FAMILY = "1,2";
			};
			name = Release;
		};
/* End XCBuildConfiguration section */

/* Begin XCConfigurationList section */
		31BE4E8A25D8FC3200446E38 /* Build configuration list for PBXProject "MMS_UAS" */ = {
			isa = XCConfigurationList;
			buildConfigurations = (
				31BE4EA425D8FC3300446E38 /* Debug */,
				31BE4EA525D8FC3300446E38 /* Release */,
			);
			defaultConfigurationIsVisible = 0;
			defaultConfigurationName = Release;
		};
		31BE4EA625D8FC3300446E38 /* Build configuration list for PBXNativeTarget "MMS_UAS" */ = {
			isa = XCConfigurationList;
			buildConfigurations = (
				31BE4EA725D8FC3300446E38 /* Debug */,
				31BE4EA825D8FC3300446E38 /* Release */,
			);
			defaultConfigurationIsVisible = 0;
			defaultConfigurationName = Release;
		};
/* End XCConfigurationList section */

/* Begin XCVersionGroup section */
		313CDB7225DAB563008A806A /* MMS_UAS.xcdatamodeld */ = {
			isa = XCVersionGroup;
			children = (
				313CDB7325DAB563008A806A /* MMS_UAS.xcdatamodel */,
			);
			currentVersion = 313CDB7325DAB563008A806A /* MMS_UAS.xcdatamodel */;
			path = MMS_UAS.xcdatamodeld;
			sourceTree = "<group>";
			versionGroupType = wrapper.xcdatamodel;
		};
/* End XCVersionGroup section */
	};
	rootObject = 31BE4E8725D8FC3200446E38 /* Project object */;
}
